
Microsoft Visual Studio Solution File, Format Version 12.00
# Visual Studio Version 16
VisualStudioVersion = 16.0.28803.352
MinimumVisualStudioVersion = 10.0.40219.1
Project("{9A19103F-16F7-4668-BE54-9A1E7A4F7556}") = "NewsGPS.Mova.Core", "NewsGPS.Mova.Core\NewsGPS.Mova.Core.csproj", "{069174E3-97A1-468A-9AA9-F2AD4D575813}"
EndProject
Project("{9A19103F-16F7-4668-BE54-9A1E7A4F7556}") = "NewsGPS.Mova.UDPListener", "NewsGPS.Mova.Processor\NewsGPS.Mova.Processor\NewsGPS.Mova.UDPListener.csproj", "{169AB51B-67AD-478D-ADFF-FBD17688AAE9}"
EndProject
Project("{FAE04EC0-301F-11D3-BF4B-00C04F79EFBC}") = "NewsGPS.Mova.UDPListener.Console", "NewsGPS.Mova.UDPListener.Console\NewsGPS.Mova.UDPListener.Console.csproj", "{80714243-5766-4841-9171-94B0A2DBC4A4}"
EndProject
Global
	GlobalSection(SolutionConfigurationPlatforms) = preSolution
		Debug|Any CPU = Debug|Any CPU
		Release|Any CPU = Release|Any CPU
	EndGlobalSection
	GlobalSection(ProjectConfigurationPlatforms) = postSolution
		{069174E3-97A1-468A-9AA9-F2AD4D575813}.Debug|Any CPU.ActiveCfg = Debug|Any CPU
		{069174E3-97A1-468A-9AA9-F2AD4D575813}.Debug|Any CPU.Build.0 = Debug|Any CPU
		{069174E3-97A1-468A-9AA9-F2AD4D575813}.Release|Any CPU.ActiveCfg = Release|Any CPU
		{069174E3-97A1-468A-9AA9-F2AD4D575813}.Release|Any CPU.Build.0 = Release|Any CPU
		{169AB51B-67AD-478D-ADFF-FBD17688AAE9}.Debug|Any CPU.ActiveCfg = Debug|Any CPU
		{169AB51B-67AD-478D-ADFF-FBD17688AAE9}.Debug|Any CPU.Build.0 = Debug|Any CPU
		{169AB51B-67AD-478D-ADFF-FBD17688AAE9}.Release|Any CPU.ActiveCfg = Release|Any CPU
		{169AB51B-67AD-478D-ADFF-FBD17688AAE9}.Release|Any CPU.Build.0 = Release|Any CPU
		{80714243-5766-4841-9171-94B0A2DBC4A4}.Debug|Any CPU.ActiveCfg = Debug|Any CPU
		{80714243-5766-4841-9171-94B0A2DBC4A4}.Debug|Any CPU.Build.0 = Debug|Any CPU
		{80714243-5766-4841-9171-94B0A2DBC4A4}.Release|Any CPU.ActiveCfg = Release|Any CPU
		{80714243-5766-4841-9171-94B0A2DBC4A4}.Release|Any CPU.Build.0 = Release|Any CPU
	EndGlobalSection
	GlobalSection(SolutionProperties) = preSolution
		HideSolutionNode = FALSE
	EndGlobalSection
	GlobalSection(ExtensibilityGlobals) = postSolution
		SolutionGuid = {9219AA7C-1509-4948-AF07-40C6B599A344}
	EndGlobalSection
EndGlobal
